
Microsoft Visual Studio Solution File, Format Version 12.00
# Visual Studio Version 17
VisualStudioVersion = 17.3.32804.467
MinimumVisualStudioVersion = 10.0.40219.1
Project("{9A19103F-16F7-4668-BE54-9A1E7A4F7556}") = "V.I.E.R.N.E.S", "V.I.E.R.N.E.S\V.I.E.R.N.E.S.csproj", "{193B765D-7C6C-4C4A-9640-FA87F87EF512}"
EndProject
Global
	GlobalSection(SolutionConfigurationPlatforms) = preSolution
		Debug|Any CPU = Debug|Any CPU
		Release|Any CPU = Release|Any CPU
	EndGlobalSection
	GlobalSection(ProjectConfigurationPlatforms) = postSolution
		{193B765D-7C6C-4C4A-9640-FA87F87EF512}.Debug|Any CPU.ActiveCfg = Debug|Any CPU
		{193B765D-7C6C-4C4A-9640-FA87F87EF512}.Debug|Any CPU.Build.0 = Debug|Any CPU
		{193B765D-7C6C-4C4A-9640-FA87F87EF512}.Release|Any CPU.ActiveCfg = Release|Any CPU
		{193B765D-7C6C-4C4A-9640-FA87F87EF512}.Release|Any CPU.Build.0 = Release|Any CPU
	EndGlobalSection
	GlobalSection(SolutionProperties) = preSolution
		HideSolutionNode = FALSE
	EndGlobalSection
	GlobalSection(ExtensibilityGlobals) = postSolution
		SolutionGuid = {C9AF7D8B-D048-43A4-A8A0-A85ED6E18DFE}
	EndGlobalSection
EndGlobal
